
Microsoft Visual Studio Solution File, Format Version 12.00
# Visual Studio Version 16
VisualStudioVersion = 16.0.31129.286
MinimumVisualStudioVersion = 10.0.40219.1
Project("{FAE04EC0-301F-11D3-BF4B-00C04F79EFBC}") = "JogoTetris", "JogoTetris.csproj", "{3889989A-3993-4E0D-8E4D-034D1E1A3282}"
EndProject
Global
	GlobalSection(SolutionConfigurationPlatforms) = preSolution
		Debug|Any CPU = Debug|Any CPU
		Release|Any CPU = Release|Any CPU
	EndGlobalSection
	GlobalSection(ProjectConfigurationPlatforms) = postSolution
		{3889989A-3993-4E0D-8E4D-034D1E1A3282}.Debug|Any CPU.ActiveCfg = Debug|Any CPU
		{3889989A-3993-4E0D-8E4D-034D1E1A3282}.Debug|Any CPU.Build.0 = Debug|Any CPU
		{3889989A-3993-4E0D-8E4D-034D1E1A3282}.Release|Any CPU.ActiveCfg = Release|Any CPU
		{3889989A-3993-4E0D-8E4D-034D1E1A3282}.Release|Any CPU.Build.0 = Release|Any CPU
	EndGlobalSection
	GlobalSection(SolutionProperties) = preSolution
		HideSolutionNode = FALSE
	EndGlobalSection
	GlobalSection(ExtensibilityGlobals) = postSolution
		SolutionGuid = {5B357D99-3530-432D-9724-85A0BB3AF6BD}
	EndGlobalSection
EndGlobal
